
Microsoft Visual Studio Solution File, Format Version 12.00
# Visual Studio 2013
VisualStudioVersion = 12.0.30501.0
MinimumVisualStudioVersion = 10.0.40219.1
Project("{FAE04EC0-301F-11D3-BF4B-00C04F79EFBC}") = "SharpUtils", "SharpUtils\SharpUtils.csproj", "{6DCB1FE6-C826-4112-94CF-B6ECE5FD8071}"
EndProject
Project("{FAE04EC0-301F-11D3-BF4B-00C04F79EFBC}") = "SharpUtils.Tests", "SharpUtils.Tests\SharpUtils.Tests.csproj", "{03534F21-39D9-44FF-8BB2-19D25FAC102D}"
EndProject
Global
	GlobalSection(SolutionConfigurationPlatforms) = preSolution
		Debug|Any CPU = Debug|Any CPU
		Release|Any CPU = Release|Any CPU
	EndGlobalSection
	GlobalSection(ProjectConfigurationPlatforms) = postSolution
		{6DCB1FE6-C826-4112-94CF-B6ECE5FD8071}.Debug|Any CPU.ActiveCfg = Debug|Any CPU
		{6DCB1FE6-C826-4112-94CF-B6ECE5FD8071}.Debug|Any CPU.Build.0 = Debug|Any CPU
		{6DCB1FE6-C826-4112-94CF-B6ECE5FD8071}.Release|Any CPU.ActiveCfg = Release|Any CPU
		{6DCB1FE6-C826-4112-94CF-B6ECE5FD8071}.Release|Any CPU.Build.0 = Release|Any CPU
		{03534F21-39D9-44FF-8BB2-19D25FAC102D}.Debug|Any CPU.ActiveCfg = Debug|Any CPU
		{03534F21-39D9-44FF-8BB2-19D25FAC102D}.Debug|Any CPU.Build.0 = Debug|Any CPU
		{03534F21-39D9-44FF-8BB2-19D25FAC102D}.Release|Any CPU.ActiveCfg = Release|Any CPU
		{03534F21-39D9-44FF-8BB2-19D25FAC102D}.Release|Any CPU.Build.0 = Release|Any CPU
	EndGlobalSection
	GlobalSection(SolutionProperties) = preSolution
		HideSolutionNode = FALSE
	EndGlobalSection
EndGlobal
